// !$*UTF8*$!
{
	archiveVersion = 1;
	classes = {
	};
	objectVersion = 46;
	objects = {

/* Begin PBXBuildFile section */
		B50C7D0017964D12004A0B96 /* AppDelegate.m in Sources */ = {isa = PBXBuildFile; fileRef = B50C7CF217964D12004A0B96 /* AppDelegate.m */; };
		B50C7D0217964D12004A0B96 /* BALDirectoryViewController.m in Sources */ = {isa = PBXBuildFile; fileRef = B50C7CF617964D12004A0B96 /* BALDirectoryViewController.m */; };
		B50C7D0417964D12004A0B96 /* PersonViewController.m in Sources */ = {isa = PBXBuildFile; fileRef = B50C7CF917964D12004A0B96 /* PersonViewController.m */; };
		B50C7D0517964D12004A0B96 /* UITextField+minMaxValues.m in Sources */ = {isa = PBXBuildFile; fileRef = B50C7CFB17964D12004A0B96 /* UITextField+minMaxValues.m */; };
		B50C7D0617964D12004A0B96 /* UIView+subviewRecursion.m in Sources */ = {isa = PBXBuildFile; fileRef = B50C7CFD17964D12004A0B96 /* UIView+subviewRecursion.m */; };
		B50C7D0717964D12004A0B96 /* ViewController.m in Sources */ = {isa = PBXBuildFile; fileRef = B50C7CFF17964D12004A0B96 /* ViewController.m */; };
		B50C7D0E17964DD8004A0B96 /* MainStoryboard.storyboard in Resources */ = {isa = PBXBuildFile; fileRef = B50C7D0C17964DD8004A0B96 /* MainStoryboard.storyboard */; };
		B50C7D1117964DEA004A0B96 /* tweed.png in Resources */ = {isa = PBXBuildFile; fileRef = B50C7D0F17964DEA004A0B96 /* tweed.png */; };
		B50C7D1217964DEA004A0B96 /* tweed_@2X.png in Resources */ = {isa = PBXBuildFile; fileRef = B50C7D1017964DEA004A0B96 /* tweed_@2X.png */; };
		B50C7D1617964E77004A0B96 /* Default-568h@2x.png in Resources */ = {isa = PBXBuildFile; fileRef = B50C7D1317964E77004A0B96 /* Default-568h@2x.png */; };
		B50C7D1717964E77004A0B96 /* Default.png in Resources */ = {isa = PBXBuildFile; fileRef = B50C7D1417964E77004A0B96 /* Default.png */; };
		B50C7D1817964E77004A0B96 /* Default@2x.png in Resources */ = {isa = PBXBuildFile; fileRef = B50C7D1517964E77004A0B96 /* Default@2x.png */; };
		B50C7D1A179652D6004A0B96 /* main.m in Sources */ = {isa = PBXBuildFile; fileRef = B50C7D19179652D6004A0B96 /* main.m */; };
		B57736A2177100F300474366 /* CoreLocation.framework in Frameworks */ = {isa = PBXBuildFile; fileRef = B57736A1177100F300474366 /* CoreLocation.framework */; };
		B589219F17616FD300878203 /* UIKit.framework in Frameworks */ = {isa = PBXBuildFile; fileRef = B589219E17616FD300878203 /* UIKit.framework */; };
		B58921A117616FD300878203 /* Foundation.framework in Frameworks */ = {isa = PBXBuildFile; fileRef = B58921A017616FD300878203 /* Foundation.framework */; };
		B58921A317616FD300878203 /* CoreGraphics.framework in Frameworks */ = {isa = PBXBuildFile; fileRef = B58921A217616FD300878203 /* CoreGraphics.framework */; };
/* End PBXBuildFile section */

/* Begin PBXFileReference section */
		B50C7CF117964D12004A0B96 /* AppDelegate.h */ = {isa = PBXFileReference; fileEncoding = 4; lastKnownFileType = sourcecode.c.h; name = AppDelegate.h; path = BALCalculator/AppDelegate.h; sourceTree = SOURCE_ROOT; };
		B50C7CF217964D12004A0B96 /* AppDelegate.m */ = {isa = PBXFileReference; fileEncoding = 4; lastKnownFileType = sourcecode.c.objc; name = AppDelegate.m; path = BALCalculator/AppDelegate.m; sourceTree = SOURCE_ROOT; };
		B50C7CF317964D12004A0B96 /* BALCalculator-Info.plist */ = {isa = PBXFileReference; fileEncoding = 4; lastKnownFileType = text.plist.xml; name = "BALCalculator-Info.plist"; path = "BALCalculator/BALCalculator-Info.plist"; sourceTree = SOURCE_ROOT; };
		B50C7CF417964D12004A0B96 /* BALCalculator-Prefix.pch */ = {isa = PBXFileReference; fileEncoding = 4; lastKnownFileType = sourcecode.c.h; name = "BALCalculator-Prefix.pch"; path = "BALCalculator/BALCalculator-Prefix.pch"; sourceTree = SOURCE_ROOT; };
		B50C7CF517964D12004A0B96 /* BALDirectoryViewController.h */ = {isa = PBXFileReference; fileEncoding = 4; lastKnownFileType = sourcecode.c.h; name = BALDirectoryViewController.h; path = BALCalculator/BALDirectoryViewController.h; sourceTree = SOURCE_ROOT; };
		B50C7CF617964D12004A0B96 /* BALDirectoryViewController.m */ = {isa = PBXFileReference; fileEncoding = 4; lastKnownFileType = sourcecode.c.objc; name = BALDirectoryViewController.m; path = BALCalculator/BALDirectoryViewController.m; sourceTree = SOURCE_ROOT; };
		B50C7CF817964D12004A0B96 /* PersonViewController.h */ = {isa = PBXFileReference; fileEncoding = 4; lastKnownFileType = sourcecode.c.h; name = PersonViewController.h; path = BALCalculator/PersonViewController.h; sourceTree = SOURCE_ROOT; };
		B50C7CF917964D12004A0B96 /* PersonViewController.m */ = {isa = PBXFileReference; fileEncoding = 4; lastKnownFileType = sourcecode.c.objc; name = PersonViewController.m; path = BALCalculator/PersonViewController.m; sourceTree = SOURCE_ROOT; };
		B50C7CFA17964D12004A0B96 /* UITextField+minMaxValues.h */ = {isa = PBXFileReference; fileEncoding = 4; lastKnownFileType = sourcecode.c.h; name = "UITextField+minMaxValues.h"; path = "BALCalculator/UITextField+minMaxValues.h"; sourceTree = SOURCE_ROOT; };
		B50C7CFB17964D12004A0B96 /* UITextField+minMaxValues.m */ = {isa = PBXFileReference; fileEncoding = 4; lastKnownFileType = sourcecode.c.objc; name = "UITextField+minMaxValues.m"; path = "BALCalculator/UITextField+minMaxValues.m"; sourceTree = SOURCE_ROOT; };
		B50C7CFC17964D12004A0B96 /* UIView+subviewRecursion.h */ = {isa = PBXFileReference; fileEncoding = 4; lastKnownFileType = sourcecode.c.h; name = "UIView+subviewRecursion.h"; path = "BALCalculator/UIView+subviewRecursion.h"; sourceTree = SOURCE_ROOT; };
		B50C7CFD17964D12004A0B96 /* UIView+subviewRecursion.m */ = {isa = PBXFileReference; fileEncoding = 4; lastKnownFileType = sourcecode.c.objc; name = "UIView+subviewRecursion.m"; path = "BALCalculator/UIView+subviewRecursion.m"; sourceTree = SOURCE_ROOT; };
		B50C7CFE17964D12004A0B96 /* ViewController.h */ = {isa = PBXFileReference; fileEncoding = 4; lastKnownFileType = sourcecode.c.h; name = ViewController.h; path = BALCalculator/ViewController.h; sourceTree = SOURCE_ROOT; };
		B50C7CFF17964D12004A0B96 /* ViewController.m */ = {isa = PBXFileReference; fileEncoding = 4; lastKnownFileType = sourcecode.c.objc; name = ViewController.m; path = BALCalculator/ViewController.m; sourceTree = SOURCE_ROOT; };
		B50C7D0817964D87004A0B96 /* BALCalculator-Info.plist */ = {isa = PBXFileReference; lastKnownFileType = text.plist.xml; name = "BALCalculator-Info.plist"; path = "BALCalculator/BALCalculator-Info.plist"; sourceTree = SOURCE_ROOT; };
		B50C7D0917964D87004A0B96 /* BALCalculator-Prefix.pch */ = {isa = PBXFileReference; lastKnownFileType = sourcecode.c.h; name = "BALCalculator-Prefix.pch"; path = "BALCalculator/BALCalculator-Prefix.pch"; sourceTree = SOURCE_ROOT; };
		B50C7D0D17964DD8004A0B96 /* en */ = {isa = PBXFileReference; lastKnownFileType = file.storyboard; name = en; path = BALCalculator/en.lproj/MainStoryboard.storyboard; sourceTree = SOURCE_ROOT; };
		B50C7D0F17964DEA004A0B96 /* tweed.png */ = {isa = PBXFileReference; lastKnownFileType = image.png; path = tweed.png; sourceTree = SOURCE_ROOT; };
		B50C7D1017964DEA004A0B96 /* tweed_@2X.png */ = {isa = PBXFileReference; lastKnownFileType = image.png; path = "tweed_@2X.png"; sourceTree = SOURCE_ROOT; };
		B50C7D1317964E77004A0B96 /* Default-568h@2x.png */ = {isa = PBXFileReference; lastKnownFileType = image.png; name = "Default-568h@2x.png"; path = "BALCalculator/Default-568h@2x.png"; sourceTree = SOURCE_ROOT; };
		B50C7D1417964E77004A0B96 /* Default.png */ = {isa = PBXFileReference; lastKnownFileType = image.png; name = Default.png; path = BALCalculator/Default.png; sourceTree = SOURCE_ROOT; };
		B50C7D1517964E77004A0B96 /* Default@2x.png */ = {isa = PBXFileReference; lastKnownFileType = image.png; name = "Default@2x.png"; path = "BALCalculator/Default@2x.png"; sourceTree = SOURCE_ROOT; };
		B50C7D19179652D6004A0B96 /* main.m */ = {isa = PBXFileReference; fileEncoding = 4; lastKnownFileType = sourcecode.c.objc; path = main.m; sourceTree = SOURCE_ROOT; };
		B57736A1177100F300474366 /* CoreLocation.framework */ = {isa = PBXFileReference; lastKnownFileType = wrapper.framework; name = CoreLocation.framework; path = System/Library/Frameworks/CoreLocation.framework; sourceTree = SDKROOT; };
		B589219B17616FD300878203 /* BALCalculator.app */ = {isa = PBXFileReference; explicitFileType = wrapper.application; includeInIndex = 0; path = BALCalculator.app; sourceTree = BUILT_PRODUCTS_DIR; };
		B589219E17616FD300878203 /* UIKit.framework */ = {isa = PBXFileReference; lastKnownFileType = wrapper.framework; name = UIKit.framework; path = System/Library/Frameworks/UIKit.framework; sourceTree = SDKROOT; };
		B58921A017616FD300878203 /* Foundation.framework */ = {isa = PBXFileReference; lastKnownFileType = wrapper.framework; name = Foundation.framework; path = System/Library/Frameworks/Foundation.framework; sourceTree = SDKROOT; };
		B58921A217616FD300878203 /* CoreGraphics.framework */ = {isa = PBXFileReference; lastKnownFileType = wrapper.framework; name = CoreGraphics.framework; path = System/Library/Frameworks/CoreGraphics.framework; sourceTree = SDKROOT; };
/* End PBXFileReference section */

/* Begin PBXFrameworksBuildPhase section */
		B589219817616FD300878203 /* Frameworks */ = {
			isa = PBXFrameworksBuildPhase;
			buildActionMask = 2147483647;
			files = (
				B57736A2177100F300474366 /* CoreLocation.framework in Frameworks */,
				B589219F17616FD300878203 /* UIKit.framework in Frameworks */,
				B58921A117616FD300878203 /* Foundation.framework in Frameworks */,
				B58921A317616FD300878203 /* CoreGraphics.framework in Frameworks */,
			);
			runOnlyForDeploymentPostprocessing = 0;
		};
/* End PBXFrameworksBuildPhase section */

/* Begin PBXGroup section */
		B589219217616FD200878203 = {
			isa = PBXGroup;
			children = (
				B58921A417616FD300878203 /* BALCalculator */,
				B589219D17616FD300878203 /* Frameworks */,
				B589219C17616FD300878203 /* Products */,
			);
			sourceTree = "<group>";
		};
		B589219C17616FD300878203 /* Products */ = {
			isa = PBXGroup;
			children = (
				B589219B17616FD300878203 /* BALCalculator.app */,
			);
			name = Products;
			sourceTree = "<group>";
		};
		B589219D17616FD300878203 /* Frameworks */ = {
			isa = PBXGroup;
			children = (
				B57736A1177100F300474366 /* CoreLocation.framework */,
				B589219E17616FD300878203 /* UIKit.framework */,
				B58921A017616FD300878203 /* Foundation.framework */,
				B58921A217616FD300878203 /* CoreGraphics.framework */,
			);
			name = Frameworks;
			sourceTree = "<group>";
		};
		B58921A417616FD300878203 /* BALCalculator */ = {
			isa = PBXGroup;
			children = (
				B50C7CF117964D12004A0B96 /* AppDelegate.h */,
				B50C7CF217964D12004A0B96 /* AppDelegate.m */,
				B50C7CF317964D12004A0B96 /* BALCalculator-Info.plist */,
				B50C7CF417964D12004A0B96 /* BALCalculator-Prefix.pch */,
				B50C7CF517964D12004A0B96 /* BALDirectoryViewController.h */,
				B50C7CF617964D12004A0B96 /* BALDirectoryViewController.m */,
				B50C7D0C17964DD8004A0B96 /* MainStoryboard.storyboard */,
				B50C7CF817964D12004A0B96 /* PersonViewController.h */,
				B50C7CF917964D12004A0B96 /* PersonViewController.m */,
				B50C7CFA17964D12004A0B96 /* UITextField+minMaxValues.h */,
				B50C7CFB17964D12004A0B96 /* UITextField+minMaxValues.m */,
				B50C7CFC17964D12004A0B96 /* UIView+subviewRecursion.h */,
				B50C7CFD17964D12004A0B96 /* UIView+subviewRecursion.m */,
				B50C7CFE17964D12004A0B96 /* ViewController.h */,
				B50C7CFF17964D12004A0B96 /* ViewController.m */,
				B58921A517616FD300878203 /* Supporting Files */,
			);
			name = BALCalculator;
			path = SaltyGiraffe;
			sourceTree = "<group>";
		};
		B58921A517616FD300878203 /* Supporting Files */ = {
			isa = PBXGroup;
			children = (
				B50C7D19179652D6004A0B96 /* main.m */,
				B50C7D1317964E77004A0B96 /* Default-568h@2x.png */,
				B50C7D1417964E77004A0B96 /* Default.png */,
				B50C7D1517964E77004A0B96 /* Default@2x.png */,
				B50C7D0817964D87004A0B96 /* BALCalculator-Info.plist */,
				B50C7D0917964D87004A0B96 /* BALCalculator-Prefix.pch */,
				B50C7D0F17964DEA004A0B96 /* tweed.png */,
				B50C7D1017964DEA004A0B96 /* tweed_@2X.png */,
			);
			name = "Supporting Files";
			sourceTree = "<group>";
		};
/* End PBXGroup section */

/* Begin PBXNativeTarget section */
		B589219A17616FD300878203 /* BALCalculator */ = {
			isa = PBXNativeTarget;
			buildConfigurationList = B58921BE17616FD300878203 /* Build configuration list for PBXNativeTarget "BALCalculator" */;
			buildPhases = (
				B589219717616FD300878203 /* Sources */,
				B589219817616FD300878203 /* Frameworks */,
				B589219917616FD300878203 /* Resources */,
			);
			buildRules = (
			);
			dependencies = (
			);
			name = BALCalculator;
			productName = SaltyGiraffe;
			productReference = B589219B17616FD300878203 /* BALCalculator.app */;
			productType = "com.apple.product-type.application";
		};
/* End PBXNativeTarget section */

/* Begin PBXProject section */
		B589219317616FD300878203 /* Project object */ = {
			isa = PBXProject;
			attributes = {
				LastUpgradeCheck = 0460;
				ORGANIZATIONNAME = "Benjamin Martin";
			};
			buildConfigurationList = B589219617616FD300878203 /* Build configuration list for PBXProject "BALCalculator" */;
			compatibilityVersion = "Xcode 3.2";
			developmentRegion = English;
			hasScannedForEncodings = 0;
			knownRegions = (
				en,
			);
			mainGroup = B589219217616FD200878203;
			productRefGroup = B589219C17616FD300878203 /* Products */;
			projectDirPath = "";
			projectRoot = "";
			targets = (
				B589219A17616FD300878203 /* BALCalculator */,
			);
		};
/* End PBXProject section */

/* Begin PBXResourcesBuildPhase section */
		B589219917616FD300878203 /* Resources */ = {
			isa = PBXResourcesBuildPhase;
			buildActionMask = 2147483647;
			files = (
				B50C7D0E17964DD8004A0B96 /* MainStoryboard.storyboard in Resources */,
				B50C7D1117964DEA004A0B96 /* tweed.png in Resources */,
				B50C7D1217964DEA004A0B96 /* tweed_@2X.png in Resources */,
				B50C7D1617964E77004A0B96 /* Default-568h@2x.png in Resources */,
				B50C7D1717964E77004A0B96 /* Default.png in Resources */,
				B50C7D1817964E77004A0B96 /* Default@2x.png in Resources */,
			);
			runOnlyForDeploymentPostprocessing = 0;
		};
/* End PBXResourcesBuildPhase section */

/* Begin PBXSourcesBuildPhase section */
		B589219717616FD300878203 /* Sources */ = {
			isa = PBXSourcesBuildPhase;
			buildActionMask = 2147483647;
			files = (
				B50C7D0017964D12004A0B96 /* AppDelegate.m in Sources */,
				B50C7D0217964D12004A0B96 /* BALDirectoryViewController.m in Sources */,
				B50C7D0417964D12004A0B96 /* PersonViewController.m in Sources */,
				B50C7D0517964D12004A0B96 /* UITextField+minMaxValues.m in Sources */,
				B50C7D0617964D12004A0B96 /* UIView+subviewRecursion.m in Sources */,
				B50C7D0717964D12004A0B96 /* ViewController.m in Sources */,
				B50C7D1A179652D6004A0B96 /* main.m in Sources */,
			);
			runOnlyForDeploymentPostprocessing = 0;
		};
/* End PBXSourcesBuildPhase section */

/* Begin PBXVariantGroup section */
		B50C7D0C17964DD8004A0B96 /* MainStoryboard.storyboard */ = {
			isa = PBXVariantGroup;
			children = (
				B50C7D0D17964DD8004A0B96 /* en */,
			);
			name = MainStoryboard.storyboard;
			sourceTree = "<group>";
		};
/* End PBXVariantGroup section */

/* Begin XCBuildConfiguration section */
		B58921BC17616FD300878203 /* Debug */ = {
			isa = XCBuildConfiguration;
			buildSettings = {
				ALWAYS_SEARCH_USER_PATHS = NO;
				CLANG_CXX_LANGUAGE_STANDARD = "gnu++0x";
				CLANG_CXX_LIBRARY = "libc++";
				CLANG_ENABLE_OBJC_ARC = YES;
				CLANG_WARN_CONSTANT_CONVERSION = YES;
				CLANG_WARN_EMPTY_BODY = YES;
				CLANG_WARN_ENUM_CONVERSION = YES;
				CLANG_WARN_INT_CONVERSION = YES;
				CLANG_WARN__DUPLICATE_METHOD_MATCH = YES;
				"CODE_SIGN_IDENTITY[sdk=iphoneos*]" = "iPhone Developer";
				COPY_PHASE_STRIP = NO;
				GCC_C_LANGUAGE_STANDARD = gnu99;
				GCC_DYNAMIC_NO_PIC = NO;
				GCC_OPTIMIZATION_LEVEL = 0;
				GCC_PREPROCESSOR_DEFINITIONS = (
					"DEBUG=1",
					"$(inherited)",
				);
				GCC_SYMBOLS_PRIVATE_EXTERN = NO;
				GCC_WARN_ABOUT_RETURN_TYPE = YES;
				GCC_WARN_UNINITIALIZED_AUTOS = YES;
				GCC_WARN_UNUSED_VARIABLE = YES;
				IPHONEOS_DEPLOYMENT_TARGET = 6.1;
				ONLY_ACTIVE_ARCH = YES;
				SDKROOT = iphoneos;
			};
			name = Debug;
		};
		B58921BD17616FD300878203 /* Release */ = {
			isa = XCBuildConfiguration;
			buildSettings = {
				ALWAYS_SEARCH_USER_PATHS = NO;
				CLANG_CXX_LANGUAGE_STANDARD = "gnu++0x";
				CLANG_CXX_LIBRARY = "libc++";
				CLANG_ENABLE_OBJC_ARC = YES;
				CLANG_WARN_CONSTANT_CONVERSION = YES;
				CLANG_WARN_EMPTY_BODY = YES;
				CLANG_WARN_ENUM_CONVERSION = YES;
				CLANG_WARN_INT_CONVERSION = YES;
				CLANG_WARN__DUPLICATE_METHOD_MATCH = YES;
				"CODE_SIGN_IDENTITY[sdk=iphoneos*]" = "iPhone Developer";
				COPY_PHASE_STRIP = YES;
				GCC_C_LANGUAGE_STANDARD = gnu99;
				GCC_WARN_ABOUT_RETURN_TYPE = YES;
				GCC_WARN_UNINITIALIZED_AUTOS = YES;
				GCC_WARN_UNUSED_VARIABLE = YES;
				IPHONEOS_DEPLOYMENT_TARGET = 6.1;
				OTHER_CFLAGS = "-DNS_BLOCK_ASSERTIONS=1";
				SDKROOT = iphoneos;
				VALIDATE_PRODUCT = YES;
			};
			name = Release;
		};
		B58921BF17616FD300878203 /* Debug */ = {
			isa = XCBuildConfiguration;
			buildSettings = {
				GCC_PRECOMPILE_PREFIX_HEADER = YES;
				GCC_PREFIX_HEADER = "BALCalculator/BALCalculator-Prefix.pch";
				INFOPLIST_FILE = "BALCalculator/BALCalculator-Info.plist";
				PRODUCT_NAME = BALCalculator;
				WRAPPER_EXTENSION = app;
			};
			name = Debug;
		};
		B58921C017616FD300878203 /* Release */ = {
			isa = XCBuildConfiguration;
			buildSettings = {
				GCC_PRECOMPILE_PREFIX_HEADER = YES;
				GCC_PREFIX_HEADER = "BALCalculator/BALCalculator-Prefix.pch";
				INFOPLIST_FILE = "BALCalculator/BALCalculator-Info.plist";
				PRODUCT_NAME = BALCalculator;
				WRAPPER_EXTENSION = app;
			};
			name = Release;
		};
/* End XCBuildConfiguration section */

/* Begin XCConfigurationList section */
		B589219617616FD300878203 /* Build configuration list for PBXProject "BALCalculator" */ = {
			isa = XCConfigurationList;
			buildConfigurations = (
				B58921BC17616FD300878203 /* Debug */,
				B58921BD17616FD300878203 /* Release */,
			);
			defaultConfigurationIsVisible = 0;
			defaultConfigurationName = Release;
		};
		B58921BE17616FD300878203 /* Build configuration list for PBXNativeTarget "BALCalculator" */ = {
			isa = XCConfigurationList;
			buildConfigurations = (
				B58921BF17616FD300878203 /* Debug */,
				B58921C017616FD300878203 /* Release */,
			);
			defaultConfigurationIsVisible = 0;
			defaultConfigurationName = Release;
		};
/* End XCConfigurationList section */
	};
	rootObject = B589219317616FD300878203 /* Project object */;
}
